
Microsoft Visual Studio Solution File, Format Version 12.00
# Visual Studio 2013
VisualStudioVersion = 12.0.31101.0
MinimumVisualStudioVersion = 10.0.40219.1
Project("{888888A0-9F3D-457C-B088-3A5042F75D52}") = "PythonAssignmentDev1AssignmentV", "PythonAssignmentDev1AssignmentV\PythonAssignmentDev1AssignmentV.pyproj", "{0341FF09-6ACF-4F90-A8EB-46DAAB69FC3A}"
EndProject
Global
	GlobalSection(SolutionConfigurationPlatforms) = preSolution
		Debug|Any CPU = Debug|Any CPU
		Release|Any CPU = Release|Any CPU
	EndGlobalSection
	GlobalSection(ProjectConfigurationPlatforms) = postSolution
		{0341FF09-6ACF-4F90-A8EB-46DAAB69FC3A}.Debug|Any CPU.ActiveCfg = Debug|Any CPU
		{0341FF09-6ACF-4F90-A8EB-46DAAB69FC3A}.Release|Any CPU.ActiveCfg = Release|Any CPU
	EndGlobalSection
	GlobalSection(SolutionProperties) = preSolution
		HideSolutionNode = FALSE
	EndGlobalSection
EndGlobal
